
Microsoft Visual Studio Solution File, Format Version 12.00
# Visual Studio 15
Project("{FAE04EC0-301F-11D3-BF4B-00C04F79EFBC}") = "MovieAPI", "MovieAPI\MovieAPI.csproj", "{3BB41A55-1CC5-4C8E-9E94-FC611ABE7DBE}"
EndProject
Global
	GlobalSection(SolutionConfigurationPlatforms) = preSolution
		Debug|Any CPU = Debug|Any CPU
		Release|Any CPU = Release|Any CPU
	EndGlobalSection
	GlobalSection(ProjectConfigurationPlatforms) = postSolution
		{3BB41A55-1CC5-4C8E-9E94-FC611ABE7DBE}.Debug|Any CPU.ActiveCfg = Debug|Any CPU
		{3BB41A55-1CC5-4C8E-9E94-FC611ABE7DBE}.Debug|Any CPU.Build.0 = Debug|Any CPU
		{3BB41A55-1CC5-4C8E-9E94-FC611ABE7DBE}.Release|Any CPU.ActiveCfg = Release|Any CPU
		{3BB41A55-1CC5-4C8E-9E94-FC611ABE7DBE}.Release|Any CPU.Build.0 = Release|Any CPU
	EndGlobalSection
EndGlobal
